// !$*UTF8*$!
{
	archiveVersion = 1;
	classes = {
	};
	objectVersion = 110;
	objects = {

/* Begin PBXBuildFile section */
		A10000000000000000000001 /* AppCore in Frameworks */ = {isa = PBXBuildFile; productRef = A20000000000000000000001 /* AppCore */; };
		A10000000000000000000002 /* CommandKit in Frameworks */ = {isa = PBXBuildFile; productRef = A20000000000000000000002 /* CommandKit */; };
		A10000000000000000000003 /* SearchKit in Frameworks */ = {isa = PBXBuildFile; productRef = A20000000000000000000003 /* SearchKit */; };
		A10000000000000000000004 /* DesignSystem in Frameworks */ = {isa = PBXBuildFile; productRef = A20000000000000000000004 /* DesignSystem */; };
		A10000000000000000000005 /* Infrastructure in Frameworks */ = {isa = PBXBuildFile; productRef = A20000000000000000000005 /* Infrastructure */; };
		A10000000000000000000006 /* Persistence in Frameworks */ = {isa = PBXBuildFile; productRef = A20000000000000000000006 /* Persistence */; };
		A10000000000000000000007 /* SecurityKit in Frameworks */ = {isa = PBXBuildFile; productRef = A20000000000000000000007 /* SecurityKit */; };
		A10000000000000000000008 /* ExtensionKit in Frameworks */ = {isa = PBXBuildFile; productRef = A20000000000000000000008 /* ExtensionKit */; };
		A10000000000000000000009 /* Observability in Frameworks */ = {isa = PBXBuildFile; productRef = A20000000000000000000009 /* Observability */; };
		A1000000000000000000000A /* CalculatorKit in Frameworks */ = {isa = PBXBuildFile; productRef = A2000000000000000000000A /* CalculatorKit */; };
		A1000000000000000000000B /* AIKit in Frameworks */ = {isa = PBXBuildFile; productRef = A2000000000000000000000B /* AIKit */; };
/* End PBXBuildFile section */

/* Begin PBXContainerItemProxy section */
		8D4E8B9C30033BC200357A11 /* PBXContainerItemProxy */ = {
			isa = PBXContainerItemProxy;
			containerPortal = 8D4E8B8630033BC100357A11 /* Project object */;
			proxyType = 1;
			remoteGlobalIDString = 8D4E8B8D30033BC100357A11;
			remoteInfo = Commandly;
		};
		8D4E8BA630033BC200357A11 /* PBXContainerItemProxy */ = {
			isa = PBXContainerItemProxy;
			containerPortal = 8D4E8B8630033BC100357A11 /* Project object */;
			proxyType = 1;
			remoteGlobalIDString = 8D4E8B8D30033BC100357A11;
			remoteInfo = Commandly;
		};
/* End PBXContainerItemProxy section */

/* Begin PBXFileReference section */
		8D4E8B8E30033BC100357A11 /* Commandly.app */ = {isa = PBXFileReference; explicitFileType = wrapper.application; includeInIndex = 0; path = Commandly.app; sourceTree = BUILT_PRODUCTS_DIR; };
		8D4E8B9B30033BC200357A11 /* CommandlyTests.xctest */ = {isa = PBXFileReference; explicitFileType = wrapper.cfbundle; includeInIndex = 0; path = CommandlyTests.xctest; sourceTree = BUILT_PRODUCTS_DIR; };
		8D4E8BA530033BC200357A11 /* CommandlyUITests.xctest */ = {isa = PBXFileReference; explicitFileType = wrapper.cfbundle; includeInIndex = 0; path = CommandlyUITests.xctest; sourceTree = BUILT_PRODUCTS_DIR; };
		A30000000000000000000001 /* Debug.xcconfig */ = {isa = PBXFileReference; lastKnownFileType = text.xcconfig; path = Debug.xcconfig; sourceTree = "<group>"; };
		A30000000000000000000002 /* Release.xcconfig */ = {isa = PBXFileReference; lastKnownFileType = text.xcconfig; path = Release.xcconfig; sourceTree = "<group>"; };
		A30000000000000000000003 /* Base.xcconfig */ = {isa = PBXFileReference; lastKnownFileType = text.xcconfig; path = Base.xcconfig; sourceTree = "<group>"; };
		A30000000000000000000004 /* Local.example.xcconfig */ = {isa = PBXFileReference; lastKnownFileType = text.xcconfig; path = Local.example.xcconfig; sourceTree = "<group>"; };
/* End PBXFileReference section */

/* Begin PBXFileSystemSynchronizedBuildFileExceptionSet section */
		A40000000000000000000001 /* Exceptions for "Commandly" folder in "Commandly" target */ = {
			isa = PBXFileSystemSynchronizedBuildFileExceptionSet;
			membershipExceptions = (
				Configuration/Info.plist,
			);
			target = 8D4E8B8D30033BC100357A11 /* Commandly */;
		};
/* End PBXFileSystemSynchronizedBuildFileExceptionSet section */

/* Begin PBXFileSystemSynchronizedRootGroup section */
		8D4E8B9030033BC100357A11 /* Commandly */ = {
			isa = PBXFileSystemSynchronizedRootGroup;
			exceptions = (
				A40000000000000000000001 /* Exceptions for "Commandly" folder in "Commandly" target */,
			);
			path = Commandly;
			sourceTree = "<group>";
		};
		8D4E8B9E30033BC200357A11 /* CommandlyTests */ = {
			isa = PBXFileSystemSynchronizedRootGroup;
			path = CommandlyTests;
			sourceTree = "<group>";
		};
		8D4E8BA830033BC200357A11 /* CommandlyUITests */ = {
			isa = PBXFileSystemSynchronizedRootGroup;
			path = CommandlyUITests;
			sourceTree = "<group>";
		};
/* End PBXFileSystemSynchronizedRootGroup section */

/* Begin PBXFrameworksBuildPhase section */
		8D4E8B8B30033BC100357A11 /* Frameworks */ = {
			isa = PBXFrameworksBuildPhase;
			files = (
				A10000000000000000000001 /* AppCore in Frameworks */,
				A10000000000000000000002 /* CommandKit in Frameworks */,
				A10000000000000000000003 /* SearchKit in Frameworks */,
				A10000000000000000000004 /* DesignSystem in Frameworks */,
				A10000000000000000000005 /* Infrastructure in Frameworks */,
				A10000000000000000000006 /* Persistence in Frameworks */,
				A10000000000000000000007 /* SecurityKit in Frameworks */,
				A10000000000000000000008 /* ExtensionKit in Frameworks */,
				A10000000000000000000009 /* Observability in Frameworks */,
				A1000000000000000000000A /* CalculatorKit in Frameworks */,
				A1000000000000000000000B /* AIKit in Frameworks */,
			);
		};
		8D4E8B9830033BC200357A11 /* Frameworks */ = {
			isa = PBXFrameworksBuildPhase;
			files = (
			);
		};
		8D4E8BA230033BC200357A11 /* Frameworks */ = {
			isa = PBXFrameworksBuildPhase;
			files = (
			);
		};
/* End PBXFrameworksBuildPhase section */

/* Begin PBXGroup section */
		8D4E8B8530033BC100357A11 = {
			isa = PBXGroup;
			children = (
				A50000000000000000000001 /* config */,
				8D4E8B9030033BC100357A11 /* Commandly */,
				8D4E8B9E30033BC200357A11 /* CommandlyTests */,
				8D4E8BA830033BC200357A11 /* CommandlyUITests */,
				8D4E8B8F30033BC100357A11 /* Products */,
			);
			sourceTree = "<group>";
		};
		8D4E8B8F30033BC100357A11 /* Products */ = {
			isa = PBXGroup;
			children = (
				8D4E8B8E30033BC100357A11 /* Commandly.app */,
				8D4E8B9B30033BC200357A11 /* CommandlyTests.xctest */,
				8D4E8BA530033BC200357A11 /* CommandlyUITests.xctest */,
			);
			name = Products;
			sourceTree = "<group>";
		};
		A50000000000000000000001 /* config */ = {
			isa = PBXGroup;
			children = (
				A30000000000000000000003 /* Base.xcconfig */,
				A30000000000000000000001 /* Debug.xcconfig */,
				A30000000000000000000002 /* Release.xcconfig */,
				A30000000000000000000004 /* Local.example.xcconfig */,
			);
			path = config;
			sourceTree = "<group>";
		};
/* End PBXGroup section */

/* Begin PBXNativeTarget section */
		8D4E8B8D30033BC100357A11 /* Commandly */ = {
			isa = PBXNativeTarget;
			buildConfigurationList = 8D4E8BAD30033BC200357A11 /* Build configuration list for PBXNativeTarget "Commandly" */;
			buildPhases = (
				8D4E8B8A30033BC100357A11 /* Sources */,
				8D4E8B8B30033BC100357A11 /* Frameworks */,
				8D4E8B8C30033BC100357A11 /* Resources */,
			);
			buildRules = (
			);
			fileSystemSynchronizedGroups = (
				8D4E8B9030033BC100357A11 /* Commandly */,
			);
			name = Commandly;
			packageProductDependencies = (
				A20000000000000000000001 /* AppCore */,
				A20000000000000000000002 /* CommandKit */,
				A20000000000000000000003 /* SearchKit */,
				A20000000000000000000004 /* DesignSystem */,
				A20000000000000000000005 /* Infrastructure */,
				A20000000000000000000006 /* Persistence */,
				A20000000000000000000007 /* SecurityKit */,
				A20000000000000000000008 /* ExtensionKit */,
				A20000000000000000000009 /* Observability */,
				A2000000000000000000000A /* CalculatorKit */,
				A2000000000000000000000B /* AIKit */,
			);
			productName = Commandly;
			productReference = 8D4E8B8E30033BC100357A11 /* Commandly.app */;
			productType = "com.apple.product-type.application";
		};
		8D4E8B9A30033BC200357A11 /* CommandlyTests */ = {
			isa = PBXNativeTarget;
			buildConfigurationList = 8D4E8BB030033BC200357A11 /* Build configuration list for PBXNativeTarget "CommandlyTests" */;
			buildPhases = (
				8D4E8B9730033BC200357A11 /* Sources */,
				8D4E8B9830033BC200357A11 /* Frameworks */,
				8D4E8B9930033BC200357A11 /* Resources */,
			);
			buildRules = (
			);
			dependencies = (
				8D4E8B9D30033BC200357A11 /* PBXTargetDependency */,
			);
			fileSystemSynchronizedGroups = (
				8D4E8B9E30033BC200357A11 /* CommandlyTests */,
			);
			name = CommandlyTests;
			productName = CommandlyTests;
			productReference = 8D4E8B9B30033BC200357A11 /* CommandlyTests.xctest */;
			productType = "com.apple.product-type.bundle.unit-test";
		};
		8D4E8BA430033BC200357A11 /* CommandlyUITests */ = {
			isa = PBXNativeTarget;
			buildConfigurationList = 8D4E8BB330033BC200357A11 /* Build configuration list for PBXNativeTarget "CommandlyUITests" */;
			buildPhases = (
				8D4E8BA130033BC200357A11 /* Sources */,
				8D4E8BA230033BC200357A11 /* Frameworks */,
				8D4E8BA330033BC200357A11 /* Resources */,
			);
			buildRules = (
			);
			dependencies = (
				8D4E8BA730033BC200357A11 /* PBXTargetDependency */,
			);
			fileSystemSynchronizedGroups = (
				8D4E8BA830033BC200357A11 /* CommandlyUITests */,
			);
			name = CommandlyUITests;
			productName = CommandlyUITests;
			productReference = 8D4E8BA530033BC200357A11 /* CommandlyUITests.xctest */;
			productType = "com.apple.product-type.bundle.ui-testing";
		};
/* End PBXNativeTarget section */

/* Begin PBXProject section */
		8D4E8B8630033BC100357A11 /* Project object */ = {
			isa = PBXProject;
			attributes = {
				BuildIndependentTargetsInParallel = 1;
				LastSwiftUpdateCheck = 2700;
				LastUpgradeCheck = 2700;
				TargetAttributes = {
					8D4E8B8D30033BC100357A11 = {
						CreatedOnToolsVersion = 27.0;
					};
					8D4E8B9A30033BC200357A11 = {
						CreatedOnToolsVersion = 27.0;
						TestTargetID = 8D4E8B8D30033BC100357A11;
					};
					8D4E8BA430033BC200357A11 = {
						CreatedOnToolsVersion = 27.0;
						TestTargetID = 8D4E8B8D30033BC100357A11;
					};
				};
			};
			buildConfigurationList = 8D4E8B8930033BC100357A11 /* Build configuration list for PBXProject "Commandly" */;
			developmentRegion = en;
			hasScannedForEncodings = 0;
			knownRegions = (
				en,
				Base,
			);
			mainGroup = 8D4E8B8530033BC100357A11;
			minimizedProjectReferenceProxies = 1;
			packageReferences = (
				A60000000000000000000001 /* XCLocalSwiftPackageReference "Packages" */,
			);
			preferredProjectObjectVersion = 77;
			productRefGroup = 8D4E8B8F30033BC100357A11 /* Products */;
			projectDirPath = "";
			projectRoot = "";
			targets = (
				8D4E8B8D30033BC100357A11 /* Commandly */,
				8D4E8B9A30033BC200357A11 /* CommandlyTests */,
				8D4E8BA430033BC200357A11 /* CommandlyUITests */,
			);
		};
/* End PBXProject section */

/* Begin PBXResourcesBuildPhase section */
		8D4E8B8C30033BC100357A11 /* Resources */ = {
			isa = PBXResourcesBuildPhase;
			files = (
			);
		};
		8D4E8B9930033BC200357A11 /* Resources */ = {
			isa = PBXResourcesBuildPhase;
			files = (
			);
		};
		8D4E8BA330033BC200357A11 /* Resources */ = {
			isa = PBXResourcesBuildPhase;
			files = (
			);
		};
/* End PBXResourcesBuildPhase section */

/* Begin PBXSourcesBuildPhase section */
		8D4E8B8A30033BC100357A11 /* Sources */ = {
			isa = PBXSourcesBuildPhase;
			files = (
			);
		};
		8D4E8B9730033BC200357A11 /* Sources */ = {
			isa = PBXSourcesBuildPhase;
			files = (
			);
		};
		8D4E8BA130033BC200357A11 /* Sources */ = {
			isa = PBXSourcesBuildPhase;
			files = (
			);
		};
/* End PBXSourcesBuildPhase section */

/* Begin PBXTargetDependency section */
		8D4E8B9D30033BC200357A11 /* PBXTargetDependency */ = {
			isa = PBXTargetDependency;
			target = 8D4E8B8D30033BC100357A11 /* Commandly */;
			targetProxy = 8D4E8B9C30033BC200357A11 /* PBXContainerItemProxy */;
		};
		8D4E8BA730033BC200357A11 /* PBXTargetDependency */ = {
			isa = PBXTargetDependency;
			target = 8D4E8B8D30033BC100357A11 /* Commandly */;
			targetProxy = 8D4E8BA630033BC200357A11 /* PBXContainerItemProxy */;
		};
/* End PBXTargetDependency section */

/* Begin XCBuildConfiguration section */
		8D4E8BAB30033BC200357A11 /* Debug configuration for PBXProject "Commandly" */ = {
			isa = XCBuildConfiguration;
			baseConfigurationReference = A30000000000000000000001 /* Debug.xcconfig */;
			buildSettings = {
				ALWAYS_SEARCH_USER_PATHS = NO;
				ASSETCATALOG_COMPILER_GENERATE_SWIFT_ASSET_SYMBOL_EXTENSIONS = YES;
				CLANG_ANALYZER_NONNULL = YES;
				CLANG_ANALYZER_NUMBER_OBJECT_CONVERSION = YES_AGGRESSIVE;
				CLANG_CXX_LANGUAGE_STANDARD = "gnu++20";
				CLANG_ENABLE_MODULES = YES;
				CLANG_ENABLE_OBJC_ARC = YES;
				CLANG_ENABLE_OBJC_WEAK = YES;
				CLANG_WARN_BLOCK_CAPTURE_AUTORELEASING = YES;
				CLANG_WARN_BOOL_CONVERSION = YES;
				CLANG_WARN_COMMA = YES;
				CLANG_WARN_CONSTANT_CONVERSION = YES;
				CLANG_WARN_DEPRECATED_OBJC_IMPLEMENTATIONS = YES;
				CLANG_WARN_DIRECT_OBJC_ISA_USAGE = YES_ERROR;
				CLANG_WARN_DOCUMENTATION_COMMENTS = YES;
				CLANG_WARN_EMPTY_BODY = YES;
				CLANG_WARN_ENUM_CONVERSION = YES;
				CLANG_WARN_INFINITE_RECURSION = YES;
				CLANG_WARN_INT_CONVERSION = YES;
				CLANG_WARN_NON_LITERAL_NULL_CONVERSION = YES;
				CLANG_WARN_OBJC_IMPLICIT_RETAIN_SELF = YES;
				CLANG_WARN_OBJC_LITERAL_CONVERSION = YES;
				CLANG_WARN_OBJC_ROOT_CLASS = YES_ERROR;
				CLANG_WARN_QUOTED_INCLUDE_IN_FRAMEWORK_HEADER = YES;
				CLANG_WARN_RANGE_LOOP_ANALYSIS = YES;
				CLANG_WARN_STRICT_PROTOTYPES = YES;
				CLANG_WARN_SUSPICIOUS_MOVE = YES;
				CLANG_WARN_UNGUARDED_AVAILABILITY = YES_AGGRESSIVE;
				CLANG_WARN_UNREACHABLE_CODE = YES;
				CLANG_WARN__DUPLICATE_METHOD_MATCH = YES;
				COPY_PHASE_STRIP = NO;
				ENABLE_STRICT_OBJC_MSGSEND = YES;
				ENABLE_USER_SCRIPT_SANDBOXING = YES;
				GCC_C_LANGUAGE_STANDARD = gnu17;
				GCC_DYNAMIC_NO_PIC = NO;
				GCC_NO_COMMON_BLOCKS = YES;
				GCC_PREPROCESSOR_DEFINITIONS = (
					"DEBUG=1",
					"$(inherited)",
				);
				GCC_WARN_64_TO_32_BIT_CONVERSION = YES;
				GCC_WARN_ABOUT_RETURN_TYPE = YES_ERROR;
				GCC_WARN_UNDECLARED_SELECTOR = YES;
				GCC_WARN_UNINITIALIZED_AUTOS = YES_AGGRESSIVE;
				GCC_WARN_UNUSED_FUNCTION = YES;
				GCC_WARN_UNUSED_VARIABLE = YES;
			};
			name = Debug;
		};
		8D4E8BAC30033BC200357A11 /* Release configuration for PBXProject "Commandly" */ = {
			isa = XCBuildConfiguration;
			baseConfigurationReference = A30000000000000000000002 /* Release.xcconfig */;
			buildSettings = {
				ALWAYS_SEARCH_USER_PATHS = NO;
				ASSETCATALOG_COMPILER_GENERATE_SWIFT_ASSET_SYMBOL_EXTENSIONS = YES;
				CLANG_ANALYZER_NONNULL = YES;
				CLANG_ANALYZER_NUMBER_OBJECT_CONVERSION = YES_AGGRESSIVE;
				CLANG_CXX_LANGUAGE_STANDARD = "gnu++20";
				CLANG_ENABLE_MODULES = YES;
				CLANG_ENABLE_OBJC_ARC = YES;
				CLANG_ENABLE_OBJC_WEAK = YES;
				CLANG_WARN_BLOCK_CAPTURE_AUTORELEASING = YES;
				CLANG_WARN_BOOL_CONVERSION = YES;
				CLANG_WARN_COMMA = YES;
				CLANG_WARN_CONSTANT_CONVERSION = YES;
				CLANG_WARN_DEPRECATED_OBJC_IMPLEMENTATIONS = YES;
				CLANG_WARN_DIRECT_OBJC_ISA_USAGE = YES_ERROR;
				CLANG_WARN_DOCUMENTATION_COMMENTS = YES;
				CLANG_WARN_EMPTY_BODY = YES;
				CLANG_WARN_ENUM_CONVERSION = YES;
				CLANG_WARN_INFINITE_RECURSION = YES;
				CLANG_WARN_INT_CONVERSION = YES;
				CLANG_WARN_NON_LITERAL_NULL_CONVERSION = YES;
				CLANG_WARN_OBJC_IMPLICIT_RETAIN_SELF = YES;
				CLANG_WARN_OBJC_LITERAL_CONVERSION = YES;
				CLANG_WARN_OBJC_ROOT_CLASS = YES_ERROR;
				CLANG_WARN_QUOTED_INCLUDE_IN_FRAMEWORK_HEADER = YES;
				CLANG_WARN_RANGE_LOOP_ANALYSIS = YES;
				CLANG_WARN_STRICT_PROTOTYPES = YES;
				CLANG_WARN_SUSPICIOUS_MOVE = YES;
				CLANG_WARN_UNGUARDED_AVAILABILITY = YES_AGGRESSIVE;
				CLANG_WARN_UNREACHABLE_CODE = YES;
				CLANG_WARN__DUPLICATE_METHOD_MATCH = YES;
				COPY_PHASE_STRIP = NO;
				ENABLE_STRICT_OBJC_MSGSEND = YES;
				ENABLE_USER_SCRIPT_SANDBOXING = YES;
				GCC_C_LANGUAGE_STANDARD = gnu17;
				GCC_NO_COMMON_BLOCKS = YES;
				GCC_WARN_64_TO_32_BIT_CONVERSION = YES;
				GCC_WARN_ABOUT_RETURN_TYPE = YES_ERROR;
				GCC_WARN_UNDECLARED_SELECTOR = YES;
				GCC_WARN_UNINITIALIZED_AUTOS = YES_AGGRESSIVE;
				GCC_WARN_UNUSED_FUNCTION = YES;
				GCC_WARN_UNUSED_VARIABLE = YES;
			};
			name = Release;
		};
		8D4E8BAE30033BC200357A11 /* Debug configuration for PBXNativeTarget "Commandly" */ = {
			isa = XCBuildConfiguration;
			buildSettings = {
				ASSETCATALOG_COMPILER_APPICON_NAME = AppIcon;
				ASSETCATALOG_COMPILER_GLOBAL_ACCENT_COLOR_NAME = AccentColor;
				CODE_SIGN_ENTITLEMENTS = Commandly/Configuration/Commandly.entitlements;
				CODE_SIGN_STYLE = Automatic;
				COMBINE_HIDPI_IMAGES = YES;
				CURRENT_PROJECT_VERSION = 1;
				ENABLE_APP_SANDBOX = YES;
				ENABLE_PREVIEWS = YES;
				ENABLE_USER_SELECTED_FILES = readwrite;
				GENERATE_INFOPLIST_FILE = YES;
				INFOPLIST_FILE = Commandly/Configuration/Info.plist;
				INFOPLIST_KEY_NSHumanReadableCopyright = "Copyright © 2026 Commandly. All rights reserved.";
				LD_RUNPATH_SEARCH_PATHS = (
					"$(inherited)",
					"@executable_path/../Frameworks",
				);
				MARKETING_VERSION = 1.0.0;
				PRODUCT_BUNDLE_IDENTIFIER = com.businessmate360.Commandly;
				PRODUCT_NAME = "$(TARGET_NAME)";
				REGISTER_APP_GROUPS = YES;
				STRING_CATALOG_GENERATE_SYMBOLS = YES;
				SWIFT_APPROACHABLE_CONCURRENCY = YES;
				SWIFT_DEFAULT_ACTOR_ISOLATION = MainActor;
				SWIFT_EMIT_LOC_STRINGS = YES;
				SWIFT_STRICT_CONCURRENCY = complete;
			};
			name = Debug;
		};
		8D4E8BAF30033BC200357A11 /* Release configuration for PBXNativeTarget "Commandly" */ = {
			isa = XCBuildConfiguration;
			buildSettings = {
				ASSETCATALOG_COMPILER_APPICON_NAME = AppIcon;
				ASSETCATALOG_COMPILER_GLOBAL_ACCENT_COLOR_NAME = AccentColor;
				CODE_SIGN_ENTITLEMENTS = Commandly/Configuration/Commandly.entitlements;
				CODE_SIGN_STYLE = Automatic;
				COMBINE_HIDPI_IMAGES = YES;
				CURRENT_PROJECT_VERSION = 1;
				ENABLE_APP_SANDBOX = YES;
				ENABLE_PREVIEWS = YES;
				ENABLE_USER_SELECTED_FILES = readwrite;
				GENERATE_INFOPLIST_FILE = YES;
				INFOPLIST_FILE = Commandly/Configuration/Info.plist;
				INFOPLIST_KEY_NSHumanReadableCopyright = "Copyright © 2026 Commandly. All rights reserved.";
				LD_RUNPATH_SEARCH_PATHS = (
					"$(inherited)",
					"@executable_path/../Frameworks",
				);
				MARKETING_VERSION = 1.0.0;
				PRODUCT_BUNDLE_IDENTIFIER = com.businessmate360.Commandly;
				PRODUCT_NAME = "$(TARGET_NAME)";
				REGISTER_APP_GROUPS = YES;
				STRING_CATALOG_GENERATE_SYMBOLS = YES;
				SWIFT_APPROACHABLE_CONCURRENCY = YES;
				SWIFT_DEFAULT_ACTOR_ISOLATION = MainActor;
				SWIFT_EMIT_LOC_STRINGS = YES;
				SWIFT_STRICT_CONCURRENCY = complete;
			};
			name = Release;
		};
		8D4E8BB130033BC200357A11 /* Debug configuration for PBXNativeTarget "CommandlyTests" */ = {
			isa = XCBuildConfiguration;
			buildSettings = {
				BUNDLE_LOADER = "$(TEST_HOST)";
				CODE_SIGN_STYLE = Automatic;
				CURRENT_PROJECT_VERSION = 1;
				GENERATE_INFOPLIST_FILE = YES;
				MACOSX_DEPLOYMENT_TARGET = 27.0;
				MARKETING_VERSION = 1.0;
				PRODUCT_BUNDLE_IDENTIFIER = com.businessmate360.CommandlyTests;
				PRODUCT_NAME = "$(TARGET_NAME)";
				STRING_CATALOG_GENERATE_SYMBOLS = NO;
				SWIFT_APPROACHABLE_CONCURRENCY = YES;
				SWIFT_EMIT_LOC_STRINGS = NO;
				SWIFT_STRICT_CONCURRENCY = complete;
				SWIFT_UPCOMING_FEATURE_MEMBER_IMPORT_VISIBILITY = YES;
				SWIFT_VERSION = 6.0;
				TEST_HOST = "$(BUILT_PRODUCTS_DIR)/Commandly.app/$(BUNDLE_EXECUTABLE_FOLDER_PATH)/Commandly";
			};
			name = Debug;
		};
		8D4E8BB230033BC200357A11 /* Release configuration for PBXNativeTarget "CommandlyTests" */ = {
			isa = XCBuildConfiguration;
			buildSettings = {
				BUNDLE_LOADER = "$(TEST_HOST)";
				CODE_SIGN_STYLE = Automatic;
				CURRENT_PROJECT_VERSION = 1;
				GENERATE_INFOPLIST_FILE = YES;
				MACOSX_DEPLOYMENT_TARGET = 27.0;
				MARKETING_VERSION = 1.0;
				PRODUCT_BUNDLE_IDENTIFIER = com.businessmate360.CommandlyTests;
				PRODUCT_NAME = "$(TARGET_NAME)";
				STRING_CATALOG_GENERATE_SYMBOLS = NO;
				SWIFT_APPROACHABLE_CONCURRENCY = YES;
				SWIFT_EMIT_LOC_STRINGS = NO;
				SWIFT_STRICT_CONCURRENCY = complete;
				SWIFT_UPCOMING_FEATURE_MEMBER_IMPORT_VISIBILITY = YES;
				SWIFT_VERSION = 6.0;
				TEST_HOST = "$(BUILT_PRODUCTS_DIR)/Commandly.app/$(BUNDLE_EXECUTABLE_FOLDER_PATH)/Commandly";
			};
			name = Release;
		};
		8D4E8BB430033BC200357A11 /* Debug configuration for PBXNativeTarget "CommandlyUITests" */ = {
			isa = XCBuildConfiguration;
			buildSettings = {
				CODE_SIGN_STYLE = Automatic;
				CURRENT_PROJECT_VERSION = 1;
				GENERATE_INFOPLIST_FILE = YES;
				MARKETING_VERSION = 1.0;
				PRODUCT_BUNDLE_IDENTIFIER = com.businessmate360.CommandlyUITests;
				PRODUCT_NAME = "$(TARGET_NAME)";
				STRING_CATALOG_GENERATE_SYMBOLS = NO;
				SWIFT_APPROACHABLE_CONCURRENCY = YES;
				SWIFT_EMIT_LOC_STRINGS = NO;
				SWIFT_UPCOMING_FEATURE_MEMBER_IMPORT_VISIBILITY = YES;
				SWIFT_VERSION = 6.0;
				TEST_TARGET_NAME = Commandly;
			};
			name = Debug;
		};
		8D4E8BB530033BC200357A11 /* Release configuration for PBXNativeTarget "CommandlyUITests" */ = {
			isa = XCBuildConfiguration;
			buildSettings = {
				CODE_SIGN_STYLE = Automatic;
				CURRENT_PROJECT_VERSION = 1;
				GENERATE_INFOPLIST_FILE = YES;
				MARKETING_VERSION = 1.0;
				PRODUCT_BUNDLE_IDENTIFIER = com.businessmate360.CommandlyUITests;
				PRODUCT_NAME = "$(TARGET_NAME)";
				STRING_CATALOG_GENERATE_SYMBOLS = NO;
				SWIFT_APPROACHABLE_CONCURRENCY = YES;
				SWIFT_EMIT_LOC_STRINGS = NO;
				SWIFT_UPCOMING_FEATURE_MEMBER_IMPORT_VISIBILITY = YES;
				SWIFT_VERSION = 6.0;
				TEST_TARGET_NAME = Commandly;
			};
			name = Release;
		};
/* End XCBuildConfiguration section */

/* Begin XCConfigurationList section */
		8D4E8B8930033BC100357A11 /* Build configuration list for PBXProject "Commandly" */ = {
			isa = XCConfigurationList;
			buildConfigurations = (
				8D4E8BAB30033BC200357A11 /* Debug configuration for PBXProject "Commandly" */,
				8D4E8BAC30033BC200357A11 /* Release configuration for PBXProject "Commandly" */,
			);
			defaultConfigurationName = Release;
		};
		8D4E8BAD30033BC200357A11 /* Build configuration list for PBXNativeTarget "Commandly" */ = {
			isa = XCConfigurationList;
			buildConfigurations = (
				8D4E8BAE30033BC200357A11 /* Debug configuration for PBXNativeTarget "Commandly" */,
				8D4E8BAF30033BC200357A11 /* Release configuration for PBXNativeTarget "Commandly" */,
			);
			defaultConfigurationName = Release;
		};
		8D4E8BB030033BC200357A11 /* Build configuration list for PBXNativeTarget "CommandlyTests" */ = {
			isa = XCConfigurationList;
			buildConfigurations = (
				8D4E8BB130033BC200357A11 /* Debug configuration for PBXNativeTarget "CommandlyTests" */,
				8D4E8BB230033BC200357A11 /* Release configuration for PBXNativeTarget "CommandlyTests" */,
			);
			defaultConfigurationName = Release;
		};
		8D4E8BB330033BC200357A11 /* Build configuration list for PBXNativeTarget "CommandlyUITests" */ = {
			isa = XCConfigurationList;
			buildConfigurations = (
				8D4E8BB430033BC200357A11 /* Debug configuration for PBXNativeTarget "CommandlyUITests" */,
				8D4E8BB530033BC200357A11 /* Release configuration for PBXNativeTarget "CommandlyUITests" */,
			);
			defaultConfigurationName = Release;
		};
/* End XCConfigurationList section */

/* Begin XCLocalSwiftPackageReference section */
		A60000000000000000000001 /* XCLocalSwiftPackageReference "Packages" */ = {
			isa = XCLocalSwiftPackageReference;
			relativePath = Packages;
		};
/* End XCLocalSwiftPackageReference section */

/* Begin XCSwiftPackageProductDependency section */
		A20000000000000000000001 /* AppCore */ = {
			isa = XCSwiftPackageProductDependency;
			productName = AppCore;
		};
		A20000000000000000000002 /* CommandKit */ = {
			isa = XCSwiftPackageProductDependency;
			productName = CommandKit;
		};
		A20000000000000000000003 /* SearchKit */ = {
			isa = XCSwiftPackageProductDependency;
			productName = SearchKit;
		};
		A20000000000000000000004 /* DesignSystem */ = {
			isa = XCSwiftPackageProductDependency;
			productName = DesignSystem;
		};
		A20000000000000000000005 /* Infrastructure */ = {
			isa = XCSwiftPackageProductDependency;
			productName = Infrastructure;
		};
		A20000000000000000000006 /* Persistence */ = {
			isa = XCSwiftPackageProductDependency;
			productName = Persistence;
		};
		A20000000000000000000007 /* SecurityKit */ = {
			isa = XCSwiftPackageProductDependency;
			productName = SecurityKit;
		};
		A20000000000000000000008 /* ExtensionKit */ = {
			isa = XCSwiftPackageProductDependency;
			productName = ExtensionKit;
		};
		A20000000000000000000009 /* Observability */ = {
			isa = XCSwiftPackageProductDependency;
			productName = Observability;
		};
		A2000000000000000000000A /* CalculatorKit */ = {
			isa = XCSwiftPackageProductDependency;
			productName = CalculatorKit;
		};
		A2000000000000000000000B /* AIKit */ = {
			isa = XCSwiftPackageProductDependency;
			productName = AIKit;
		};
/* End XCSwiftPackageProductDependency section */
	};
	rootObject = 8D4E8B8630033BC100357A11 /* Project object */;
	validationLevel = 1;
}
